// !$*UTF8*$!
{
	archiveVersion = 1;
	classes = {
	};
	objectVersion = 46;
	objects = {

/* Begin PBXBuildFile section */
		39D43AFB1939B35500BE865B /* MKSecureTextField.m in Sources */ = {isa = PBXBuildFile; fileRef = 39D43AFA1939B35500BE865B /* MKSecureTextField.m */; };
		39D5EC3A1937A08B002A7456 /* Foundation.framework in Frameworks */ = {isa = PBXBuildFile; fileRef = 39D5EC391937A08B002A7456 /* Foundation.framework */; };
		39D5EC3C1937A08B002A7456 /* CoreGraphics.framework in Frameworks */ = {isa = PBXBuildFile; fileRef = 39D5EC3B1937A08B002A7456 /* CoreGraphics.framework */; };
		39D5EC3E1937A08B002A7456 /* UIKit.framework in Frameworks */ = {isa = PBXBuildFile; fileRef = 39D5EC3D1937A08B002A7456 /* UIKit.framework */; };
		39D5EC441937A08B002A7456 /* InfoPlist.strings in Resources */ = {isa = PBXBuildFile; fileRef = 39D5EC421937A08B002A7456 /* InfoPlist.strings */; };
		39D5EC461937A08B002A7456 /* main.m in Sources */ = {isa = PBXBuildFile; fileRef = 39D5EC451937A08B002A7456 /* main.m */; };
		39D5EC4A1937A08B002A7456 /* AppDelegate.m in Sources */ = {isa = PBXBuildFile; fileRef = 39D5EC491937A08B002A7456 /* AppDelegate.m */; };
		39D5EC4D1937A08B002A7456 /* Main.storyboard in Resources */ = {isa = PBXBuildFile; fileRef = 39D5EC4B1937A08B002A7456 /* Main.storyboard */; };
		39D5EC501937A08B002A7456 /* ViewController.m in Sources */ = {isa = PBXBuildFile; fileRef = 39D5EC4F1937A08B002A7456 /* ViewController.m */; };
		39D5EC521937A08B002A7456 /* Images.xcassets in Resources */ = {isa = PBXBuildFile; fileRef = 39D5EC511937A08B002A7456 /* Images.xcassets */; };
		39D5EC591937A08C002A7456 /* XCTest.framework in Frameworks */ = {isa = PBXBuildFile; fileRef = 39D5EC581937A08C002A7456 /* XCTest.framework */; };
		39D5EC5A1937A08C002A7456 /* Foundation.framework in Frameworks */ = {isa = PBXBuildFile; fileRef = 39D5EC391937A08B002A7456 /* Foundation.framework */; };
		39D5EC5B1937A08C002A7456 /* UIKit.framework in Frameworks */ = {isa = PBXBuildFile; fileRef = 39D5EC3D1937A08B002A7456 /* UIKit.framework */; };
/* End PBXBuildFile section */

/* Begin PBXContainerItemProxy section */
		39D5EC5C1937A08C002A7456 /* PBXContainerItemProxy */ = {
			isa = PBXContainerItemProxy;
			containerPortal = 39D5EC2E1937A08B002A7456 /* Project object */;
			proxyType = 1;
			remoteGlobalIDString = 39D5EC351937A08B002A7456;
			remoteInfo = CustomPasswordTextField;
		};
/* End PBXContainerItemProxy section */

/* Begin PBXFileReference section */
		39D43AF91939B35500BE865B /* MKSecureTextField.h */ = {isa = PBXFileReference; fileEncoding = 4; lastKnownFileType = sourcecode.c.h; path = MKSecureTextField.h; sourceTree = "<group>"; };
		39D43AFA1939B35500BE865B /* MKSecureTextField.m */ = {isa = PBXFileReference; fileEncoding = 4; lastKnownFileType = sourcecode.c.objc; path = MKSecureTextField.m; sourceTree = "<group>"; };
		39D5EC361937A08B002A7456 /* CustomPasswordTextField.app */ = {isa = PBXFileReference; explicitFileType = wrapper.application; includeInIndex = 0; path = CustomPasswordTextField.app; sourceTree = BUILT_PRODUCTS_DIR; };
		39D5EC391937A08B002A7456 /* Foundation.framework */ = {isa = PBXFileReference; lastKnownFileType = wrapper.framework; name = Foundation.framework; path = System/Library/Frameworks/Foundation.framework; sourceTree = SDKROOT; };
		39D5EC3B1937A08B002A7456 /* CoreGraphics.framework */ = {isa = PBXFileReference; lastKnownFileType = wrapper.framework; name = CoreGraphics.framework; path = System/Library/Frameworks/CoreGraphics.framework; sourceTree = SDKROOT; };
		39D5EC3D1937A08B002A7456 /* UIKit.framework */ = {isa = PBXFileReference; lastKnownFileType = wrapper.framework; name = UIKit.framework; path = System/Library/Frameworks/UIKit.framework; sourceTree = SDKROOT; };
		39D5EC411937A08B002A7456 /* CustomPasswordTextField-Info.plist */ = {isa = PBXFileReference; lastKnownFileType = text.plist.xml; path = "CustomPasswordTextField-Info.plist"; sourceTree = "<group>"; };
		39D5EC431937A08B002A7456 /* en */ = {isa = PBXFileReference; lastKnownFileType = text.plist.strings; name = en; path = en.lproj/InfoPlist.strings; sourceTree = "<group>"; };
		39D5EC451937A08B002A7456 /* main.m */ = {isa = PBXFileReference; lastKnownFileType = sourcecode.c.objc; path = main.m; sourceTree = "<group>"; };
		39D5EC471937A08B002A7456 /* CustomPasswordTextField-Prefix.pch */ = {isa = PBXFileReference; lastKnownFileType = sourcecode.c.h; path = "CustomPasswordTextField-Prefix.pch"; sourceTree = "<group>"; };
		39D5EC481937A08B002A7456 /* AppDelegate.h */ = {isa = PBXFileReference; lastKnownFileType = sourcecode.c.h; path = AppDelegate.h; sourceTree = "<group>"; };
		39D5EC491937A08B002A7456 /* AppDelegate.m */ = {isa = PBXFileReference; lastKnownFileType = sourcecode.c.objc; path = AppDelegate.m; sourceTree = "<group>"; };
		39D5EC4C1937A08B002A7456 /* Base */ = {isa = PBXFileReference; lastKnownFileType = file.storyboard; name = Base; path = Base.lproj/Main.storyboard; sourceTree = "<group>"; };
		39D5EC4E1937A08B002A7456 /* ViewController.h */ = {isa = PBXFileReference; lastKnownFileType = sourcecode.c.h; path = ViewController.h; sourceTree = "<group>"; };
		39D5EC4F1937A08B002A7456 /* ViewController.m */ = {isa = PBXFileReference; lastKnownFileType = sourcecode.c.objc; path = ViewController.m; sourceTree = "<group>"; };
		39D5EC511937A08B002A7456 /* Images.xcassets */ = {isa = PBXFileReference; lastKnownFileType = folder.assetcatalog; path = Images.xcassets; sourceTree = "<group>"; };
		39D5EC571937A08C002A7456 /* CustomPasswordTextFieldTests.xctest */ = {isa = PBXFileReference; explicitFileType = wrapper.cfbundle; includeInIndex = 0; path = CustomPasswordTextFieldTests.xctest; sourceTree = BUILT_PRODUCTS_DIR; };
		39D5EC581937A08C002A7456 /* XCTest.framework */ = {isa = PBXFileReference; lastKnownFileType = wrapper.framework; name = XCTest.framework; path = Library/Frameworks/XCTest.framework; sourceTree = DEVELOPER_DIR; };
/* End PBXFileReference section */

/* Begin PBXFrameworksBuildPhase section */
		39D5EC331937A08B002A7456 /* Frameworks */ = {
			isa = PBXFrameworksBuildPhase;
			buildActionMask = 2147483647;
			files = (
				39D5EC3C1937A08B002A7456 /* CoreGraphics.framework in Frameworks */,
				39D5EC3E1937A08B002A7456 /* UIKit.framework in Frameworks */,
				39D5EC3A1937A08B002A7456 /* Foundation.framework in Frameworks */,
			);
			runOnlyForDeploymentPostprocessing = 0;
		};
		39D5EC541937A08C002A7456 /* Frameworks */ = {
			isa = PBXFrameworksBuildPhase;
			buildActionMask = 2147483647;
			files = (
				39D5EC591937A08C002A7456 /* XCTest.framework in Frameworks */,
				39D5EC5B1937A08C002A7456 /* UIKit.framework in Frameworks */,
				39D5EC5A1937A08C002A7456 /* Foundation.framework in Frameworks */,
			);
			runOnlyForDeploymentPostprocessing = 0;
		};
/* End PBXFrameworksBuildPhase section */

/* Begin PBXGroup section */
		39D43AF81939B35500BE865B /* MKSecureTextField */ = {
			isa = PBXGroup;
			children = (
				39D43AF91939B35500BE865B /* MKSecureTextField.h */,
				39D43AFA1939B35500BE865B /* MKSecureTextField.m */,
			);
			path = MKSecureTextField;
			sourceTree = SOURCE_ROOT;
		};
		39D5EC2D1937A08B002A7456 = {
			isa = PBXGroup;
			children = (
				39D5EC3F1937A08B002A7456 /* CustomPasswordTextField */,
				39D5EC381937A08B002A7456 /* Frameworks */,
				39D5EC371937A08B002A7456 /* Products */,
			);
			sourceTree = "<group>";
		};
		39D5EC371937A08B002A7456 /* Products */ = {
			isa = PBXGroup;
			children = (
				39D5EC361937A08B002A7456 /* CustomPasswordTextField.app */,
				39D5EC571937A08C002A7456 /* CustomPasswordTextFieldTests.xctest */,
			);
			name = Products;
			sourceTree = "<group>";
		};
		39D5EC381937A08B002A7456 /* Frameworks */ = {
			isa = PBXGroup;
			children = (
				39D5EC391937A08B002A7456 /* Foundation.framework */,
				39D5EC3B1937A08B002A7456 /* CoreGraphics.framework */,
				39D5EC3D1937A08B002A7456 /* UIKit.framework */,
				39D5EC581937A08C002A7456 /* XCTest.framework */,
			);
			name = Frameworks;
			sourceTree = "<group>";
		};
		39D5EC3F1937A08B002A7456 /* CustomPasswordTextField */ = {
			isa = PBXGroup;
			children = (
				39D43AF81939B35500BE865B /* MKSecureTextField */,
				39D5EC481937A08B002A7456 /* AppDelegate.h */,
				39D5EC491937A08B002A7456 /* AppDelegate.m */,
				39D5EC4B1937A08B002A7456 /* Main.storyboard */,
				39D5EC4E1937A08B002A7456 /* ViewController.h */,
				39D5EC4F1937A08B002A7456 /* ViewController.m */,
				39D5EC511937A08B002A7456 /* Images.xcassets */,
				39D5EC401937A08B002A7456 /* Supporting Files */,
			);
			path = CustomPasswordTextField;
			sourceTree = "<group>";
		};
		39D5EC401937A08B002A7456 /* Supporting Files */ = {
			isa = PBXGroup;
			children = (
				39D5EC411937A08B002A7456 /* CustomPasswordTextField-Info.plist */,
				39D5EC421937A08B002A7456 /* InfoPlist.strings */,
				39D5EC451937A08B002A7456 /* main.m */,
				39D5EC471937A08B002A7456 /* CustomPasswordTextField-Prefix.pch */,
			);
			name = "Supporting Files";
			sourceTree = "<group>";
		};
/* End PBXGroup section */

/* Begin PBXNativeTarget section */
		39D5EC351937A08B002A7456 /* CustomPasswordTextField */ = {
			isa = PBXNativeTarget;
			buildConfigurationList = 39D5EC681937A08C002A7456 /* Build configuration list for PBXNativeTarget "CustomPasswordTextField" */;
			buildPhases = (
				39D5EC321937A08B002A7456 /* Sources */,
				39D5EC331937A08B002A7456 /* Frameworks */,
				39D5EC341937A08B002A7456 /* Resources */,
			);
			buildRules = (
			);
			dependencies = (
			);
			name = CustomPasswordTextField;
			productName = CustomPasswordTextField;
			productReference = 39D5EC361937A08B002A7456 /* CustomPasswordTextField.app */;
			productType = "com.apple.product-type.application";
		};
		39D5EC561937A08C002A7456 /* CustomPasswordTextFieldTests */ = {
			isa = PBXNativeTarget;
			buildConfigurationList = 39D5EC6B1937A08C002A7456 /* Build configuration list for PBXNativeTarget "CustomPasswordTextFieldTests" */;
			buildPhases = (
				39D5EC531937A08C002A7456 /* Sources */,
				39D5EC541937A08C002A7456 /* Frameworks */,
				39D5EC551937A08C002A7456 /* Resources */,
			);
			buildRules = (
			);
			dependencies = (
				39D5EC5D1937A08C002A7456 /* PBXTargetDependency */,
			);
			name = CustomPasswordTextFieldTests;
			productName = CustomPasswordTextFieldTests;
			productReference = 39D5EC571937A08C002A7456 /* CustomPasswordTextFieldTests.xctest */;
			productType = "com.apple.product-type.bundle.unit-test";
		};
/* End PBXNativeTarget section */

/* Begin PBXProject section */
		39D5EC2E1937A08B002A7456 /* Project object */ = {
			isa = PBXProject;
			attributes = {
				LastUpgradeCheck = 0510;
				ORGANIZATIONNAME = "Min Kwon";
				TargetAttributes = {
					39D5EC561937A08C002A7456 = {
						TestTargetID = 39D5EC351937A08B002A7456;
					};
				};
			};
			buildConfigurationList = 39D5EC311937A08B002A7456 /* Build configuration list for PBXProject "CustomPasswordTextField" */;
			compatibilityVersion = "Xcode 3.2";
			developmentRegion = English;
			hasScannedForEncodings = 0;
			knownRegions = (
				en,
				Base,
			);
			mainGroup = 39D5EC2D1937A08B002A7456;
			productRefGroup = 39D5EC371937A08B002A7456 /* Products */;
			projectDirPath = "";
			projectRoot = "";
			targets = (
				39D5EC351937A08B002A7456 /* CustomPasswordTextField */,
				39D5EC561937A08C002A7456 /* CustomPasswordTextFieldTests */,
			);
		};
/* End PBXProject section */

/* Begin PBXResourcesBuildPhase section */
		39D5EC341937A08B002A7456 /* Resources */ = {
			isa = PBXResourcesBuildPhase;
			buildActionMask = 2147483647;
			files = (
				39D5EC521937A08B002A7456 /* Images.xcassets in Resources */,
				39D5EC441937A08B002A7456 /* InfoPlist.strings in Resources */,
				39D5EC4D1937A08B002A7456 /* Main.storyboard in Resources */,
			);
			runOnlyForDeploymentPostprocessing = 0;
		};
		39D5EC551937A08C002A7456 /* Resources */ = {
			isa = PBXResourcesBuildPhase;
			buildActionMask = 2147483647;
			files = (
			);
			runOnlyForDeploymentPostprocessing = 0;
		};
/* End PBXResourcesBuildPhase section */

/* Begin PBXSourcesBuildPhase section */
		39D5EC321937A08B002A7456 /* Sources */ = {
			isa = PBXSourcesBuildPhase;
			buildActionMask = 2147483647;
			files = (
				39D5EC501937A08B002A7456 /* ViewController.m in Sources */,
				39D5EC4A1937A08B002A7456 /* AppDelegate.m in Sources */,
				39D43AFB1939B35500BE865B /* MKSecureTextField.m in Sources */,
				39D5EC461937A08B002A7456 /* main.m in Sources */,
			);
			runOnlyForDeploymentPostprocessing = 0;
		};
		39D5EC531937A08C002A7456 /* Sources */ = {
			isa = PBXSourcesBuildPhase;
			buildActionMask = 2147483647;
			files = (
			);
			runOnlyForDeploymentPostprocessing = 0;
		};
/* End PBXSourcesBuildPhase section */

/* Begin PBXTargetDependency section */
		39D5EC5D1937A08C002A7456 /* PBXTargetDependency */ = {
			isa = PBXTargetDependency;
			target = 39D5EC351937A08B002A7456 /* CustomPasswordTextField */;
			targetProxy = 39D5EC5C1937A08C002A7456 /* PBXContainerItemProxy */;
		};
/* End PBXTargetDependency section */

/* Begin PBXVariantGroup section */
		39D5EC421937A08B002A7456 /* InfoPlist.strings */ = {
			isa = PBXVariantGroup;
			children = (
				39D5EC431937A08B002A7456 /* en */,
			);
			name = InfoPlist.strings;
			sourceTree = "<group>";
		};
		39D5EC4B1937A08B002A7456 /* Main.storyboard */ = {
			isa = PBXVariantGroup;
			children = (
				39D5EC4C1937A08B002A7456 /* Base */,
			);
			name = Main.storyboard;
			sourceTree = "<group>";
		};
/* End PBXVariantGroup section */

/* Begin XCBuildConfiguration section */
		39D5EC661937A08C002A7456 /* Debug */ = {
			isa = XCBuildConfiguration;
			buildSettings = {
				ALWAYS_SEARCH_USER_PATHS = NO;
				CLANG_CXX_LANGUAGE_STANDARD = "gnu++0x";
				CLANG_CXX_LIBRARY = "libc++";
				CLANG_ENABLE_MODULES = YES;
				CLANG_ENABLE_OBJC_ARC = YES;
				CLANG_WARN_BOOL_CONVERSION = YES;
				CLANG_WARN_CONSTANT_CONVERSION = YES;
				CLANG_WARN_DIRECT_OBJC_ISA_USAGE = YES_ERROR;
				CLANG_WARN_EMPTY_BODY = YES;
				CLANG_WARN_ENUM_CONVERSION = YES;
				CLANG_WARN_INT_CONVERSION = YES;
				CLANG_WARN_OBJC_ROOT_CLASS = YES_ERROR;
				CLANG_WARN__DUPLICATE_METHOD_MATCH = YES;
				"CODE_SIGN_IDENTITY[sdk=iphoneos*]" = "iPhone Developer";
				COPY_PHASE_STRIP = NO;
				GCC_C_LANGUAGE_STANDARD = gnu99;
				GCC_DYNAMIC_NO_PIC = NO;
				GCC_OPTIMIZATION_LEVEL = 0;
				GCC_PREPROCESSOR_DEFINITIONS = (
					"DEBUG=1",
					"$(inherited)",
				);
				GCC_SYMBOLS_PRIVATE_EXTERN = NO;
				GCC_WARN_64_TO_32_BIT_CONVERSION = YES;
				GCC_WARN_ABOUT_RETURN_TYPE = YES_ERROR;
				GCC_WARN_UNDECLARED_SELECTOR = YES;
				GCC_WARN_UNINITIALIZED_AUTOS = YES_AGGRESSIVE;
				GCC_WARN_UNUSED_FUNCTION = YES;
				GCC_WARN_UNUSED_VARIABLE = YES;
				IPHONEOS_DEPLOYMENT_TARGET = 7.1;
				ONLY_ACTIVE_ARCH = YES;
				SDKROOT = iphoneos;
			};
			name = Debug;
		};
		39D5EC671937A08C002A7456 /* Release */ = {
			isa = XCBuildConfiguration;
			buildSettings = {
				ALWAYS_SEARCH_USER_PATHS = NO;
				CLANG_CXX_LANGUAGE_STANDARD = "gnu++0x";
				CLANG_CXX_LIBRARY = "libc++";
				CLANG_ENABLE_MODULES = YES;
				CLANG_ENABLE_OBJC_ARC = YES;
				CLANG_WARN_BOOL_CONVERSION = YES;
				CLANG_WARN_CONSTANT_CONVERSION = YES;
				CLANG_WARN_DIRECT_OBJC_ISA_USAGE = YES_ERROR;
				CLANG_WARN_EMPTY_BODY = YES;
				CLANG_WARN_ENUM_CONVERSION = YES;
				CLANG_WARN_INT_CONVERSION = YES;
				CLANG_WARN_OBJC_ROOT_CLASS = YES_ERROR;
				CLANG_WARN__DUPLICATE_METHOD_MATCH = YES;
				"CODE_SIGN_IDENTITY[sdk=iphoneos*]" = "iPhone Developer";
				COPY_PHASE_STRIP = YES;
				ENABLE_NS_ASSERTIONS = NO;
				GCC_C_LANGUAGE_STANDARD = gnu99;
				GCC_WARN_64_TO_32_BIT_CONVERSION = YES;
				GCC_WARN_ABOUT_RETURN_TYPE = YES_ERROR;
				GCC_WARN_UNDECLARED_SELECTOR = YES;
				GCC_WARN_UNINITIALIZED_AUTOS = YES_AGGRESSIVE;
				GCC_WARN_UNUSED_FUNCTION = YES;
				GCC_WARN_UNUSED_VARIABLE = YES;
				IPHONEOS_DEPLOYMENT_TARGET = 7.1;
				SDKROOT = iphoneos;
				VALIDATE_PRODUCT = YES;
			};
			name = Release;
		};
		39D5EC691937A08C002A7456 /* Debug */ = {
			isa = XCBuildConfiguration;
			buildSettings = {
				ASSETCATALOG_COMPILER_APPICON_NAME = AppIcon;
				ASSETCATALOG_COMPILER_LAUNCHIMAGE_NAME = LaunchImage;
				GCC_PRECOMPILE_PREFIX_HEADER = YES;
				GCC_PREFIX_HEADER = "CustomPasswordTextField/CustomPasswordTextField-Prefix.pch";
				INFOPLIST_FILE = "CustomPasswordTextField/CustomPasswordTextField-Info.plist";
				PRODUCT_NAME = "$(TARGET_NAME)";
				WRAPPER_EXTENSION = app;
			};
			name = Debug;
		};
		39D5EC6A1937A08C002A7456 /* Release */ = {
			isa = XCBuildConfiguration;
			buildSettings = {
				ASSETCATALOG_COMPILER_APPICON_NAME = AppIcon;
				ASSETCATALOG_COMPILER_LAUNCHIMAGE_NAME = LaunchImage;
				GCC_PRECOMPILE_PREFIX_HEADER = YES;
				GCC_PREFIX_HEADER = "CustomPasswordTextField/CustomPasswordTextField-Prefix.pch";
				INFOPLIST_FILE = "CustomPasswordTextField/CustomPasswordTextField-Info.plist";
				PRODUCT_NAME = "$(TARGET_NAME)";
				WRAPPER_EXTENSION = app;
			};
			name = Release;
		};
		39D5EC6C1937A08C002A7456 /* Debug */ = {
			isa = XCBuildConfiguration;
			buildSettings = {
				BUNDLE_LOADER = "$(BUILT_PRODUCTS_DIR)/CustomPasswordTextField.app/CustomPasswordTextField";
				FRAMEWORK_SEARCH_PATHS = (
					"$(SDKROOT)/Developer/Library/Frameworks",
					"$(inherited)",
					"$(DEVELOPER_FRAMEWORKS_DIR)",
				);
				GCC_PRECOMPILE_PREFIX_HEADER = YES;
				GCC_PREFIX_HEADER = "CustomPasswordTextField/CustomPasswordTextField-Prefix.pch";
				GCC_PREPROCESSOR_DEFINITIONS = (
					"DEBUG=1",
					"$(inherited)",
				);
				INFOPLIST_FILE = "CustomPasswordTextFieldTests/CustomPasswordTextFieldTests-Info.plist";
				PRODUCT_NAME = "$(TARGET_NAME)";
				TEST_HOST = "$(BUNDLE_LOADER)";
				WRAPPER_EXTENSION = xctest;
			};
			name = Debug;
		};
		39D5EC6D1937A08C002A7456 /* Release */ = {
			isa = XCBuildConfiguration;
			buildSettings = {
				BUNDLE_LOADER = "$(BUILT_PRODUCTS_DIR)/CustomPasswordTextField.app/CustomPasswordTextField";
				FRAMEWORK_SEARCH_PATHS = (
					"$(SDKROOT)/Developer/Library/Frameworks",
					"$(inherited)",
					"$(DEVELOPER_FRAMEWORKS_DIR)",
				);
				GCC_PRECOMPILE_PREFIX_HEADER = YES;
				GCC_PREFIX_HEADER = "CustomPasswordTextField/CustomPasswordTextField-Prefix.pch";
				INFOPLIST_FILE = "CustomPasswordTextFieldTests/CustomPasswordTextFieldTests-Info.plist";
				PRODUCT_NAME = "$(TARGET_NAME)";
				TEST_HOST = "$(BUNDLE_LOADER)";
				WRAPPER_EXTENSION = xctest;
			};
			name = Release;
		};
/* End XCBuildConfiguration section */

/* Begin XCConfigurationList section */
		39D5EC311937A08B002A7456 /* Build configuration list for PBXProject "CustomPasswordTextField" */ = {
			isa = XCConfigurationList;
			buildConfigurations = (
				39D5EC661937A08C002A7456 /* Debug */,
				39D5EC671937A08C002A7456 /* Release */,
			);
			defaultConfigurationIsVisible = 0;
			defaultConfigurationName = Release;
		};
		39D5EC681937A08C002A7456 /* Build configuration list for PBXNativeTarget "CustomPasswordTextField" */ = {
			isa = XCConfigurationList;
			buildConfigurations = (
				39D5EC691937A08C002A7456 /* Debug */,
				39D5EC6A1937A08C002A7456 /* Release */,
			);
			defaultConfigurationIsVisible = 0;
			defaultConfigurationName = Release;
		};
		39D5EC6B1937A08C002A7456 /* Build configuration list for PBXNativeTarget "CustomPasswordTextFieldTests" */ = {
			isa = XCConfigurationList;
			buildConfigurations = (
				39D5EC6C1937A08C002A7456 /* Debug */,
				39D5EC6D1937A08C002A7456 /* Release */,
			);
			defaultConfigurationIsVisible = 0;
			defaultConfigurationName = Release;
		};
/* End XCConfigurationList section */
	};
	rootObject = 39D5EC2E1937A08B002A7456 /* Project object */;
}
